
Microsoft Visual Studio Solution File, Format Version 12.00
# Visual Studio Version 17
VisualStudioVersion = 17.0.31903.59
MinimumVisualStudioVersion = 10.0.40219.1
Project("{2150E333-8FDC-42A3-9474-1A3956D46DE8}") = "src", "src", "{D1A27CC1-DAD3-4CB5-A9E0-75B07B38F894}"
EndProject
Project("{FAE04EC0-301F-11D3-BF4B-00C04F79EFBC}") = "RestMind.Core", "src\RestMind.Core\RestMind.Core.csproj", "{369BF3DE-EA9D-4552-A44B-80D80AF85FA7}"
EndProject
Project("{FAE04EC0-301F-11D3-BF4B-00C04F79EFBC}") = "RestMind.Core.Tests", "src\RestMind.Core.Tests\RestMind.Core.Tests.csproj", "{8F7E7494-6A37-4450-8CFD-2FE127B0335F}"
EndProject
Project("{FAE04EC0-301F-11D3-BF4B-00C04F79EFBC}") = "RestMind.Service", "src\RestMind.Service\RestMind.Service.csproj", "{4F7766F5-B502-400D-B44C-F92D5031FB06}"
EndProject
Project("{FAE04EC0-301F-11D3-BF4B-00C04F79EFBC}") = "RestMind.Agent", "src\RestMind.Agent\RestMind.Agent.csproj", "{5247417B-814D-4AB2-8DE6-1E3A6F19DA48}"
EndProject
Project("{FAE04EC0-301F-11D3-BF4B-00C04F79EFBC}") = "RestMind.Ctl", "src\RestMind.Ctl\RestMind.Ctl.csproj", "{9A26B652-2F35-4216-9B50-00F86E69E318}"
EndProject
Global
	GlobalSection(SolutionConfigurationPlatforms) = preSolution
		Debug|Any CPU = Debug|Any CPU
		Release|Any CPU = Release|Any CPU
	EndGlobalSection
	GlobalSection(SolutionProperties) = preSolution
		HideSolutionNode = FALSE
	EndGlobalSection
	GlobalSection(ProjectConfigurationPlatforms) = postSolution
		{369BF3DE-EA9D-4552-A44B-80D80AF85FA7}.Debug|Any CPU.ActiveCfg = Debug|Any CPU
		{369BF3DE-EA9D-4552-A44B-80D80AF85FA7}.Debug|Any CPU.Build.0 = Debug|Any CPU
		{369BF3DE-EA9D-4552-A44B-80D80AF85FA7}.Release|Any CPU.ActiveCfg = Release|Any CPU
		{369BF3DE-EA9D-4552-A44B-80D80AF85FA7}.Release|Any CPU.Build.0 = Release|Any CPU
		{8F7E7494-6A37-4450-8CFD-2FE127B0335F}.Debug|Any CPU.ActiveCfg = Debug|Any CPU
		{8F7E7494-6A37-4450-8CFD-2FE127B0335F}.Debug|Any CPU.Build.0 = Debug|Any CPU
		{8F7E7494-6A37-4450-8CFD-2FE127B0335F}.Release|Any CPU.ActiveCfg = Release|Any CPU
		{8F7E7494-6A37-4450-8CFD-2FE127B0335F}.Release|Any CPU.Build.0 = Release|Any CPU
		{4F7766F5-B502-400D-B44C-F92D5031FB06}.Debug|Any CPU.ActiveCfg = Debug|Any CPU
		{4F7766F5-B502-400D-B44C-F92D5031FB06}.Debug|Any CPU.Build.0 = Debug|Any CPU
		{4F7766F5-B502-400D-B44C-F92D5031FB06}.Release|Any CPU.ActiveCfg = Release|Any CPU
		{4F7766F5-B502-400D-B44C-F92D5031FB06}.Release|Any CPU.Build.0 = Release|Any CPU
		{5247417B-814D-4AB2-8DE6-1E3A6F19DA48}.Debug|Any CPU.ActiveCfg = Debug|Any CPU
		{5247417B-814D-4AB2-8DE6-1E3A6F19DA48}.Debug|Any CPU.Build.0 = Debug|Any CPU
		{5247417B-814D-4AB2-8DE6-1E3A6F19DA48}.Release|Any CPU.ActiveCfg = Release|Any CPU
		{5247417B-814D-4AB2-8DE6-1E3A6F19DA48}.Release|Any CPU.Build.0 = Release|Any CPU
		{9A26B652-2F35-4216-9B50-00F86E69E318}.Debug|Any CPU.ActiveCfg = Debug|Any CPU
		{9A26B652-2F35-4216-9B50-00F86E69E318}.Debug|Any CPU.Build.0 = Debug|Any CPU
		{9A26B652-2F35-4216-9B50-00F86E69E318}.Release|Any CPU.ActiveCfg = Release|Any CPU
		{9A26B652-2F35-4216-9B50-00F86E69E318}.Release|Any CPU.Build.0 = Release|Any CPU
	EndGlobalSection
	GlobalSection(NestedProjects) = preSolution
		{369BF3DE-EA9D-4552-A44B-80D80AF85FA7} = {D1A27CC1-DAD3-4CB5-A9E0-75B07B38F894}
		{8F7E7494-6A37-4450-8CFD-2FE127B0335F} = {D1A27CC1-DAD3-4CB5-A9E0-75B07B38F894}
		{4F7766F5-B502-400D-B44C-F92D5031FB06} = {D1A27CC1-DAD3-4CB5-A9E0-75B07B38F894}
		{5247417B-814D-4AB2-8DE6-1E3A6F19DA48} = {D1A27CC1-DAD3-4CB5-A9E0-75B07B38F894}
		{9A26B652-2F35-4216-9B50-00F86E69E318} = {D1A27CC1-DAD3-4CB5-A9E0-75B07B38F894}
	EndGlobalSection
EndGlobal
